
Microsoft Visual Studio Solution File, Format Version 12.00
# Visual Studio Version 17
VisualStudioVersion = 17.11.35327.3
MinimumVisualStudioVersion = 10.0.40219.1
Project("{FAE04EC0-301F-11D3-BF4B-00C04F79EFBC}") = "FourSquares", "FourSquares\FourSquares.csproj", "{3E8C72F6-A09C-4248-9A8E-9608867BC35D}"
EndProject
Global
	GlobalSection(SolutionConfigurationPlatforms) = preSolution
		Debug|Any CPU = Debug|Any CPU
		Release|Any CPU = Release|Any CPU
	EndGlobalSection
	GlobalSection(ProjectConfigurationPlatforms) = postSolution
		{3E8C72F6-A09C-4248-9A8E-9608867BC35D}.Debug|Any CPU.ActiveCfg = Debug|Any CPU
		{3E8C72F6-A09C-4248-9A8E-9608867BC35D}.Debug|Any CPU.Build.0 = Debug|Any CPU
		{3E8C72F6-A09C-4248-9A8E-9608867BC35D}.Release|Any CPU.ActiveCfg = Release|Any CPU
		{3E8C72F6-A09C-4248-9A8E-9608867BC35D}.Release|Any CPU.Build.0 = Release|Any CPU
	EndGlobalSection
	GlobalSection(SolutionProperties) = preSolution
		HideSolutionNode = FALSE
	EndGlobalSection
	GlobalSection(ExtensibilityGlobals) = postSolution
		SolutionGuid = {B793B210-1810-45CA-8665-D7588A303B1E}
	EndGlobalSection
EndGlobal
